
Microsoft Visual Studio Solution File, Format Version 12.00
# Visual Studio Version 16
VisualStudioVersion = 16.0.29009.5
MinimumVisualStudioVersion = 10.0.40219.1
Project("{888888A0-9F3D-457C-B088-3A5042F75D52}") = "DjangoWebProject1", "DjangoWebProject1\DjangoWebProject1.pyproj", "{AC8DFE76-F6F2-4A2A-8635-09BBD3AB9277}"
EndProject
Global
	GlobalSection(SolutionConfigurationPlatforms) = preSolution
		Debug|Any CPU = Debug|Any CPU
		Release|Any CPU = Release|Any CPU
	EndGlobalSection
	GlobalSection(ProjectConfigurationPlatforms) = postSolution
		{AC8DFE76-F6F2-4A2A-8635-09BBD3AB9277}.Debug|Any CPU.ActiveCfg = Debug|Any CPU
		{AC8DFE76-F6F2-4A2A-8635-09BBD3AB9277}.Debug|Any CPU.Build.0 = Debug|Any CPU
		{AC8DFE76-F6F2-4A2A-8635-09BBD3AB9277}.Release|Any CPU.ActiveCfg = Release|Any CPU
		{AC8DFE76-F6F2-4A2A-8635-09BBD3AB9277}.Release|Any CPU.Build.0 = Release|Any CPU
	EndGlobalSection
	GlobalSection(SolutionProperties) = preSolution
		HideSolutionNode = FALSE
	EndGlobalSection
	GlobalSection(ExtensibilityGlobals) = postSolution
		SolutionGuid = {B0FB2857-5619-426C-86DD-C5757E9F8267}
	EndGlobalSection
EndGlobal
